# THIS IS AN AUTOGENERATED FILE. DO NOT EDIT THIS FILE DIRECTLY.
# yarn lockfile v1


sweetalert2@^9.17.1:
  version "9.17.1"
  resolved "https://registry.yarnpkg.com/sweetalert2/-/sweetalert2-9.17.1.tgz#3d3c8d2dd8b44aeec6a01bf611be265143586bd1"
  integrity sha512-D/VE2lT/bKd64/RBglLUtQ+3nsftzjzIiP2iqN6zPzPwf+2djIY+4k8Bg430zxRUn4DkZzyIuU58q3n0J43lvw==
